
Microsoft Visual Studio Solution File, Format Version 12.00
# Visual Studio Version 17
VisualStudioVersion = 17.5.33516.290
MinimumVisualStudioVersion = 10.0.40219.1
Project("{FAE04EC0-301F-11D3-BF4B-00C04F79EFBC}") = "HomeWork5", "HomeWork5.csproj", "{F9EAF0B0-C2C6-4373-93B5-B7B79C0BDD94}"
EndProject
Global
	GlobalSection(SolutionConfigurationPlatforms) = preSolution
		Debug|Any CPU = Debug|Any CPU
		Release|Any CPU = Release|Any CPU
	EndGlobalSection
	GlobalSection(ProjectConfigurationPlatforms) = postSolution
		{F9EAF0B0-C2C6-4373-93B5-B7B79C0BDD94}.Debug|Any CPU.ActiveCfg = Debug|Any CPU
		{F9EAF0B0-C2C6-4373-93B5-B7B79C0BDD94}.Debug|Any CPU.Build.0 = Debug|Any CPU
		{F9EAF0B0-C2C6-4373-93B5-B7B79C0BDD94}.Release|Any CPU.ActiveCfg = Release|Any CPU
		{F9EAF0B0-C2C6-4373-93B5-B7B79C0BDD94}.Release|Any CPU.Build.0 = Release|Any CPU
	EndGlobalSection
	GlobalSection(SolutionProperties) = preSolution
		HideSolutionNode = FALSE
	EndGlobalSection
	GlobalSection(ExtensibilityGlobals) = postSolution
		SolutionGuid = {7F134F9E-8C0B-4463-ADC1-9E05500378F2}
	EndGlobalSection
EndGlobal
